// !$*UTF8*$!
{
	archiveVersion = 1;
	classes = {
	};
	objectVersion = 56;
	objects = {

/* Begin PBXBuildFile section */
		7468B8F92A87A03700E2400A /* ProductCard.swift in Sources */ = {isa = PBXBuildFile; fileRef = 7468B8F82A87A03700E2400A /* ProductCard.swift */; };
		74BC21252A8DEF9200495779 /* StoriesView.swift in Sources */ = {isa = PBXBuildFile; fileRef = 74BC21242A8DEF9200495779 /* StoriesView.swift */; };
		74BC21272A8DF0B900495779 /* StoriesItem.swift in Sources */ = {isa = PBXBuildFile; fileRef = 74BC21262A8DF0B900495779 /* StoriesItem.swift */; };
		74BC212C2A8DF83000495779 /* PromoSmallCardView.swift in Sources */ = {isa = PBXBuildFile; fileRef = 74BC212B2A8DF83000495779 /* PromoSmallCardView.swift */; };
		74BC212E2A8DF86400495779 /* PromoSmallCard.swift in Sources */ = {isa = PBXBuildFile; fileRef = 74BC212D2A8DF86400495779 /* PromoSmallCard.swift */; };
		74BC21302A8E022C00495779 /* PromoLargeCardView.swift in Sources */ = {isa = PBXBuildFile; fileRef = 74BC212F2A8E022C00495779 /* PromoLargeCardView.swift */; };
		74BC21322A8E023E00495779 /* PromoLargeCard.swift in Sources */ = {isa = PBXBuildFile; fileRef = 74BC21312A8E023E00495779 /* PromoLargeCard.swift */; };
		74BC21342A8E0B5800495779 /* LoyaltyProgramCardView.swift in Sources */ = {isa = PBXBuildFile; fileRef = 74BC21332A8E0B5800495779 /* LoyaltyProgramCardView.swift */; };
		74BC21372A8E0BF500495779 /* LoyaltyProgramCard.swift in Sources */ = {isa = PBXBuildFile; fileRef = 74BC21362A8E0BF500495779 /* LoyaltyProgramCard.swift */; };
		74BC21392A8E15B800495779 /* Extension.swift in Sources */ = {isa = PBXBuildFile; fileRef = 74BC21382A8E15B800495779 /* Extension.swift */; };
		74CABE1E2A84F56300EE5DF3 /* MySparApp.swift in Sources */ = {isa = PBXBuildFile; fileRef = 74CABE1D2A84F56300EE5DF3 /* MySparApp.swift */; };
		74CABE202A84F56300EE5DF3 /* ContentView.swift in Sources */ = {isa = PBXBuildFile; fileRef = 74CABE1F2A84F56300EE5DF3 /* ContentView.swift */; };
		74CABE222A84F56500EE5DF3 /* Assets.xcassets in Resources */ = {isa = PBXBuildFile; fileRef = 74CABE212A84F56500EE5DF3 /* Assets.xcassets */; };
		74CABE252A84F56600EE5DF3 /* Preview Assets.xcassets in Resources */ = {isa = PBXBuildFile; fileRef = 74CABE242A84F56600EE5DF3 /* Preview Assets.xcassets */; };
		74CABE2C2A85038F00EE5DF3 /* MainScreenView.swift in Sources */ = {isa = PBXBuildFile; fileRef = 74CABE2B2A85038F00EE5DF3 /* MainScreenView.swift */; };
		74CABE2E2A850CF400EE5DF3 /* ProductCardView.swift in Sources */ = {isa = PBXBuildFile; fileRef = 74CABE2D2A850CF400EE5DF3 /* ProductCardView.swift */; };
/* End PBXBuildFile section */

/* Begin PBXFileReference section */
		7468B8F82A87A03700E2400A /* ProductCard.swift */ = {isa = PBXFileReference; lastKnownFileType = sourcecode.swift; path = ProductCard.swift; sourceTree = "<group>"; };
		74BC21242A8DEF9200495779 /* StoriesView.swift */ = {isa = PBXFileReference; lastKnownFileType = sourcecode.swift; path = StoriesView.swift; sourceTree = "<group>"; };
		74BC21262A8DF0B900495779 /* StoriesItem.swift */ = {isa = PBXFileReference; lastKnownFileType = sourcecode.swift; path = StoriesItem.swift; sourceTree = "<group>"; };
		74BC212B2A8DF83000495779 /* PromoSmallCardView.swift */ = {isa = PBXFileReference; lastKnownFileType = sourcecode.swift; path = PromoSmallCardView.swift; sourceTree = "<group>"; };
		74BC212D2A8DF86400495779 /* PromoSmallCard.swift */ = {isa = PBXFileReference; lastKnownFileType = sourcecode.swift; path = PromoSmallCard.swift; sourceTree = "<group>"; };
		74BC212F2A8E022C00495779 /* PromoLargeCardView.swift */ = {isa = PBXFileReference; lastKnownFileType = sourcecode.swift; path = PromoLargeCardView.swift; sourceTree = "<group>"; };
		74BC21312A8E023E00495779 /* PromoLargeCard.swift */ = {isa = PBXFileReference; lastKnownFileType = sourcecode.swift; path = PromoLargeCard.swift; sourceTree = "<group>"; };
		74BC21332A8E0B5800495779 /* LoyaltyProgramCardView.swift */ = {isa = PBXFileReference; lastKnownFileType = sourcecode.swift; path = LoyaltyProgramCardView.swift; sourceTree = "<group>"; };
		74BC21362A8E0BF500495779 /* LoyaltyProgramCard.swift */ = {isa = PBXFileReference; lastKnownFileType = sourcecode.swift; path = LoyaltyProgramCard.swift; sourceTree = "<group>"; };
		74BC21382A8E15B800495779 /* Extension.swift */ = {isa = PBXFileReference; lastKnownFileType = sourcecode.swift; path = Extension.swift; sourceTree = "<group>"; };
		74CABE1A2A84F56300EE5DF3 /* MySpar.app */ = {isa = PBXFileReference; explicitFileType = wrapper.application; includeInIndex = 0; path = MySpar.app; sourceTree = BUILT_PRODUCTS_DIR; };
		74CABE1D2A84F56300EE5DF3 /* MySparApp.swift */ = {isa = PBXFileReference; lastKnownFileType = sourcecode.swift; path = MySparApp.swift; sourceTree = "<group>"; };
		74CABE1F2A84F56300EE5DF3 /* ContentView.swift */ = {isa = PBXFileReference; lastKnownFileType = sourcecode.swift; path = ContentView.swift; sourceTree = "<group>"; };
		74CABE212A84F56500EE5DF3 /* Assets.xcassets */ = {isa = PBXFileReference; lastKnownFileType = folder.assetcatalog; path = Assets.xcassets; sourceTree = "<group>"; };
		74CABE242A84F56600EE5DF3 /* Preview Assets.xcassets */ = {isa = PBXFileReference; lastKnownFileType = folder.assetcatalog; path = "Preview Assets.xcassets"; sourceTree = "<group>"; };
		74CABE2B2A85038F00EE5DF3 /* MainScreenView.swift */ = {isa = PBXFileReference; lastKnownFileType = sourcecode.swift; path = MainScreenView.swift; sourceTree = "<group>"; };
		74CABE2D2A850CF400EE5DF3 /* ProductCardView.swift */ = {isa = PBXFileReference; lastKnownFileType = sourcecode.swift; path = ProductCardView.swift; sourceTree = "<group>"; };
/* End PBXFileReference section */

/* Begin PBXFrameworksBuildPhase section */
		74CABE172A84F56300EE5DF3 /* Frameworks */ = {
			isa = PBXFrameworksBuildPhase;
			buildActionMask = 2147483647;
			files = (
			);
			runOnlyForDeploymentPostprocessing = 0;
		};
/* End PBXFrameworksBuildPhase section */

/* Begin PBXGroup section */
		74BC21282A8DF7E300495779 /* Product */ = {
			isa = PBXGroup;
			children = (
				74CABE2D2A850CF400EE5DF3 /* ProductCardView.swift */,
				7468B8F82A87A03700E2400A /* ProductCard.swift */,
			);
			path = Product;
			sourceTree = "<group>";
		};
		74BC21292A8DF7F500495779 /* Stories */ = {
			isa = PBXGroup;
			children = (
				74BC21242A8DEF9200495779 /* StoriesView.swift */,
				74BC21262A8DF0B900495779 /* StoriesItem.swift */,
			);
			path = Stories;
			sourceTree = "<group>";
		};
		74BC212A2A8DF80300495779 /* Promo */ = {
			isa = PBXGroup;
			children = (
				74BC212B2A8DF83000495779 /* PromoSmallCardView.swift */,
				74BC212D2A8DF86400495779 /* PromoSmallCard.swift */,
				74BC212F2A8E022C00495779 /* PromoLargeCardView.swift */,
				74BC21312A8E023E00495779 /* PromoLargeCard.swift */,
			);
			path = Promo;
			sourceTree = "<group>";
		};
		74BC21352A8E0BCC00495779 /* LoyaltyProgram */ = {
			isa = PBXGroup;
			children = (
				74BC21332A8E0B5800495779 /* LoyaltyProgramCardView.swift */,
				74BC21362A8E0BF500495779 /* LoyaltyProgramCard.swift */,
			);
			path = LoyaltyProgram;
			sourceTree = "<group>";
		};
		74CABE112A84F56300EE5DF3 = {
			isa = PBXGroup;
			children = (
				74CABE1C2A84F56300EE5DF3 /* MySpar */,
				74CABE1B2A84F56300EE5DF3 /* Products */,
			);
			sourceTree = "<group>";
		};
		74CABE1B2A84F56300EE5DF3 /* Products */ = {
			isa = PBXGroup;
			children = (
				74CABE1A2A84F56300EE5DF3 /* MySpar.app */,
			);
			name = Products;
			sourceTree = "<group>";
		};
		74CABE1C2A84F56300EE5DF3 /* MySpar */ = {
			isa = PBXGroup;
			children = (
				74BC21382A8E15B800495779 /* Extension.swift */,
				74BC21352A8E0BCC00495779 /* LoyaltyProgram */,
				74BC212A2A8DF80300495779 /* Promo */,
				74BC21292A8DF7F500495779 /* Stories */,
				74BC21282A8DF7E300495779 /* Product */,
				74CABE1D2A84F56300EE5DF3 /* MySparApp.swift */,
				74CABE1F2A84F56300EE5DF3 /* ContentView.swift */,
				74CABE2B2A85038F00EE5DF3 /* MainScreenView.swift */,
				74CABE212A84F56500EE5DF3 /* Assets.xcassets */,
				74CABE242A84F56600EE5DF3 /* Preview Assets.xcassets */,
				74CABE232A84F56600EE5DF3 /* Preview Content */,
			);
			path = MySpar;
			sourceTree = "<group>";
		};
		74CABE232A84F56600EE5DF3 /* Preview Content */ = {
			isa = PBXGroup;
			children = (
			);
			path = "Preview Content";
			sourceTree = "<group>";
		};
/* End PBXGroup section */

/* Begin PBXNativeTarget section */
		74CABE192A84F56300EE5DF3 /* MySpar */ = {
			isa = PBXNativeTarget;
			buildConfigurationList = 74CABE282A84F56600EE5DF3 /* Build configuration list for PBXNativeTarget "MySpar" */;
			buildPhases = (
				74CABE162A84F56300EE5DF3 /* Sources */,
				74CABE172A84F56300EE5DF3 /* Frameworks */,
				74CABE182A84F56300EE5DF3 /* Resources */,
			);
			buildRules = (
			);
			dependencies = (
			);
			name = MySpar;
			productName = MySpar;
			productReference = 74CABE1A2A84F56300EE5DF3 /* MySpar.app */;
			productType = "com.apple.product-type.application";
		};
/* End PBXNativeTarget section */

/* Begin PBXProject section */
		74CABE122A84F56300EE5DF3 /* Project object */ = {
			isa = PBXProject;
			attributes = {
				BuildIndependentTargetsInParallel = 1;
				LastSwiftUpdateCheck = 1430;
				LastUpgradeCheck = 1430;
				TargetAttributes = {
					74CABE192A84F56300EE5DF3 = {
						CreatedOnToolsVersion = 14.3.1;
					};
				};
			};
			buildConfigurationList = 74CABE152A84F56300EE5DF3 /* Build configuration list for PBXProject "MySpar" */;
			compatibilityVersion = "Xcode 14.0";
			developmentRegion = en;
			hasScannedForEncodings = 0;
			knownRegions = (
				en,
				Base,
			);
			mainGroup = 74CABE112A84F56300EE5DF3;
			productRefGroup = 74CABE1B2A84F56300EE5DF3 /* Products */;
			projectDirPath = "";
			projectRoot = "";
			targets = (
				74CABE192A84F56300EE5DF3 /* MySpar */,
			);
		};
/* End PBXProject section */

/* Begin PBXResourcesBuildPhase section */
		74CABE182A84F56300EE5DF3 /* Resources */ = {
			isa = PBXResourcesBuildPhase;
			buildActionMask = 2147483647;
			files = (
				74CABE252A84F56600EE5DF3 /* Preview Assets.xcassets in Resources */,
				74CABE222A84F56500EE5DF3 /* Assets.xcassets in Resources */,
			);
			runOnlyForDeploymentPostprocessing = 0;
		};
/* End PBXResourcesBuildPhase section */

/* Begin PBXSourcesBuildPhase section */
		74CABE162A84F56300EE5DF3 /* Sources */ = {
			isa = PBXSourcesBuildPhase;
			buildActionMask = 2147483647;
			files = (
				74CABE2E2A850CF400EE5DF3 /* ProductCardView.swift in Sources */,
				74BC212E2A8DF86400495779 /* PromoSmallCard.swift in Sources */,
				74BC21302A8E022C00495779 /* PromoLargeCardView.swift in Sources */,
				74CABE202A84F56300EE5DF3 /* ContentView.swift in Sources */,
				74BC21252A8DEF9200495779 /* StoriesView.swift in Sources */,
				74CABE2C2A85038F00EE5DF3 /* MainScreenView.swift in Sources */,
				7468B8F92A87A03700E2400A /* ProductCard.swift in Sources */,
				74BC21272A8DF0B900495779 /* StoriesItem.swift in Sources */,
				74BC212C2A8DF83000495779 /* PromoSmallCardView.swift in Sources */,
				74BC21392A8E15B800495779 /* Extension.swift in Sources */,
				74BC21322A8E023E00495779 /* PromoLargeCard.swift in Sources */,
				74BC21342A8E0B5800495779 /* LoyaltyProgramCardView.swift in Sources */,
				74CABE1E2A84F56300EE5DF3 /* MySparApp.swift in Sources */,
				74BC21372A8E0BF500495779 /* LoyaltyProgramCard.swift in Sources */,
			);
			runOnlyForDeploymentPostprocessing = 0;
		};
/* End PBXSourcesBuildPhase section */

/* Begin XCBuildConfiguration section */
		74CABE262A84F56600EE5DF3 /* Debug */ = {
			isa = XCBuildConfiguration;
			buildSettings = {
				ALWAYS_SEARCH_USER_PATHS = NO;
				CLANG_ANALYZER_NONNULL = YES;
				CLANG_ANALYZER_NUMBER_OBJECT_CONVERSION = YES_AGGRESSIVE;
				CLANG_CXX_LANGUAGE_STANDARD = "gnu++20";
				CLANG_ENABLE_MODULES = YES;
				CLANG_ENABLE_OBJC_ARC = YES;
				CLANG_ENABLE_OBJC_WEAK = YES;
				CLANG_WARN_BLOCK_CAPTURE_AUTORELEASING = YES;
				CLANG_WARN_BOOL_CONVERSION = YES;
				CLANG_WARN_COMMA = YES;
				CLANG_WARN_CONSTANT_CONVERSION = YES;
				CLANG_WARN_DEPRECATED_OBJC_IMPLEMENTATIONS = YES;
				CLANG_WARN_DIRECT_OBJC_ISA_USAGE = YES_ERROR;
				CLANG_WARN_DOCUMENTATION_COMMENTS = YES;
				CLANG_WARN_EMPTY_BODY = YES;
				CLANG_WARN_ENUM_CONVERSION = YES;
				CLANG_WARN_INFINITE_RECURSION = YES;
				CLANG_WARN_INT_CONVERSION = YES;
				CLANG_WARN_NON_LITERAL_NULL_CONVERSION = YES;
				CLANG_WARN_OBJC_IMPLICIT_RETAIN_SELF = YES;
				CLANG_WARN_OBJC_LITERAL_CONVERSION = YES;
				CLANG_WARN_OBJC_ROOT_CLASS = YES_ERROR;
				CLANG_WARN_QUOTED_INCLUDE_IN_FRAMEWORK_HEADER = YES;
				CLANG_WARN_RANGE_LOOP_ANALYSIS = YES;
				CLANG_WARN_STRICT_PROTOTYPES = YES;
				CLANG_WARN_SUSPICIOUS_MOVE = YES;
				CLANG_WARN_UNGUARDED_AVAILABILITY = YES_AGGRESSIVE;
				CLANG_WARN_UNREACHABLE_CODE = YES;
				CLANG_WARN__DUPLICATE_METHOD_MATCH = YES;
				COPY_PHASE_STRIP = NO;
				DEBUG_INFORMATION_FORMAT = dwarf;
				ENABLE_STRICT_OBJC_MSGSEND = YES;
				ENABLE_TESTABILITY = YES;
				GCC_C_LANGUAGE_STANDARD = gnu11;
				GCC_DYNAMIC_NO_PIC = NO;
				GCC_NO_COMMON_BLOCKS = YES;
				GCC_OPTIMIZATION_LEVEL = 0;
				GCC_PREPROCESSOR_DEFINITIONS = (
					"DEBUG=1",
					"$(inherited)",
				);
				GCC_WARN_64_TO_32_BIT_CONVERSION = YES;
				GCC_WARN_ABOUT_RETURN_TYPE = YES_ERROR;
				GCC_WARN_UNDECLARED_SELECTOR = YES;
				GCC_WARN_UNINITIALIZED_AUTOS = YES_AGGRESSIVE;
				GCC_WARN_UNUSED_FUNCTION = YES;
				GCC_WARN_UNUSED_VARIABLE = YES;
				IPHONEOS_DEPLOYMENT_TARGET = 16.4;
				MTL_ENABLE_DEBUG_INFO = INCLUDE_SOURCE;
				MTL_FAST_MATH = YES;
				ONLY_ACTIVE_ARCH = YES;
				SDKROOT = iphoneos;
				SWIFT_ACTIVE_COMPILATION_CONDITIONS = DEBUG;
				SWIFT_OPTIMIZATION_LEVEL = "-Onone";
			};
			name = Debug;
		};
		74CABE272A84F56600EE5DF3 /* Release */ = {
			isa = XCBuildConfiguration;
			buildSettings = {
				ALWAYS_SEARCH_USER_PATHS = NO;
				CLANG_ANALYZER_NONNULL = YES;
				CLANG_ANALYZER_NUMBER_OBJECT_CONVERSION = YES_AGGRESSIVE;
				CLANG_CXX_LANGUAGE_STANDARD = "gnu++20";
				CLANG_ENABLE_MODULES = YES;
				CLANG_ENABLE_OBJC_ARC = YES;
				CLANG_ENABLE_OBJC_WEAK = YES;
				CLANG_WARN_BLOCK_CAPTURE_AUTORELEASING = YES;
				CLANG_WARN_BOOL_CONVERSION = YES;
				CLANG_WARN_COMMA = YES;
				CLANG_WARN_CONSTANT_CONVERSION = YES;
				CLANG_WARN_DEPRECATED_OBJC_IMPLEMENTATIONS = YES;
				CLANG_WARN_DIRECT_OBJC_ISA_USAGE = YES_ERROR;
				CLANG_WARN_DOCUMENTATION_COMMENTS = YES;
				CLANG_WARN_EMPTY_BODY = YES;
				CLANG_WARN_ENUM_CONVERSION = YES;
				CLANG_WARN_INFINITE_RECURSION = YES;
				CLANG_WARN_INT_CONVERSION = YES;
				CLANG_WARN_NON_LITERAL_NULL_CONVERSION = YES;
				CLANG_WARN_OBJC_IMPLICIT_RETAIN_SELF = YES;
				CLANG_WARN_OBJC_LITERAL_CONVERSION = YES;
				CLANG_WARN_OBJC_ROOT_CLASS = YES_ERROR;
				CLANG_WARN_QUOTED_INCLUDE_IN_FRAMEWORK_HEADER = YES;
				CLANG_WARN_RANGE_LOOP_ANALYSIS = YES;
				CLANG_WARN_STRICT_PROTOTYPES = YES;
				CLANG_WARN_SUSPICIOUS_MOVE = YES;
				CLANG_WARN_UNGUARDED_AVAILABILITY = YES_AGGRESSIVE;
				CLANG_WARN_UNREACHABLE_CODE = YES;
				CLANG_WARN__DUPLICATE_METHOD_MATCH = YES;
				COPY_PHASE_STRIP = NO;
				DEBUG_INFORMATION_FORMAT = "dwarf-with-dsym";
				ENABLE_NS_ASSERTIONS = NO;
				ENABLE_STRICT_OBJC_MSGSEND = YES;
				GCC_C_LANGUAGE_STANDARD = gnu11;
				GCC_NO_COMMON_BLOCKS = YES;
				GCC_WARN_64_TO_32_BIT_CONVERSION = YES;
				GCC_WARN_ABOUT_RETURN_TYPE = YES_ERROR;
				GCC_WARN_UNDECLARED_SELECTOR = YES;
				GCC_WARN_UNINITIALIZED_AUTOS = YES_AGGRESSIVE;
				GCC_WARN_UNUSED_FUNCTION = YES;
				GCC_WARN_UNUSED_VARIABLE = YES;
				IPHONEOS_DEPLOYMENT_TARGET = 16.4;
				MTL_ENABLE_DEBUG_INFO = NO;
				MTL_FAST_MATH = YES;
				SDKROOT = iphoneos;
				SWIFT_COMPILATION_MODE = wholemodule;
				SWIFT_OPTIMIZATION_LEVEL = "-O";
				VALIDATE_PRODUCT = YES;
			};
			name = Release;
		};
		74CABE292A84F56600EE5DF3 /* Debug */ = {
			isa = XCBuildConfiguration;
			buildSettings = {
				ASSETCATALOG_COMPILER_APPICON_NAME = AppIcon;
				ASSETCATALOG_COMPILER_GLOBAL_ACCENT_COLOR_NAME = AccentColor;
				CODE_SIGN_STYLE = Automatic;
				CURRENT_PROJECT_VERSION = 1;
				DEVELOPMENT_ASSET_PATHS = "\"MySpar/Preview Content\"";
				DEVELOPMENT_TEAM = 8542ZPKJ73;
				ENABLE_PREVIEWS = YES;
				GENERATE_INFOPLIST_FILE = YES;
				INFOPLIST_KEY_UIApplicationSceneManifest_Generation = YES;
				INFOPLIST_KEY_UIApplicationSupportsIndirectInputEvents = YES;
				INFOPLIST_KEY_UILaunchScreen_Generation = YES;
				INFOPLIST_KEY_UISupportedInterfaceOrientations_iPad = "UIInterfaceOrientationPortrait UIInterfaceOrientationPortraitUpsideDown UIInterfaceOrientationLandscapeLeft UIInterfaceOrientationLandscapeRight";
				INFOPLIST_KEY_UISupportedInterfaceOrientations_iPhone = "UIInterfaceOrientationPortrait UIInterfaceOrientationLandscapeLeft UIInterfaceOrientationLandscapeRight";
				LD_RUNPATH_SEARCH_PATHS = (
					"$(inherited)",
					"@executable_path/Frameworks",
				);
				MARKETING_VERSION = 1.0;
				PRODUCT_BUNDLE_IDENTIFIER = zabashtina.MySpar;
				PRODUCT_NAME = "$(TARGET_NAME)";
				SWIFT_EMIT_LOC_STRINGS = YES;
				SWIFT_VERSION = 5.0;
				TARGETED_DEVICE_FAMILY = "1,2";
			};
			name = Debug;
		};
		74CABE2A2A84F56600EE5DF3 /* Release */ = {
			isa = XCBuildConfiguration;
			buildSettings = {
				ASSETCATALOG_COMPILER_APPICON_NAME = AppIcon;
				ASSETCATALOG_COMPILER_GLOBAL_ACCENT_COLOR_NAME = AccentColor;
				CODE_SIGN_STYLE = Automatic;
				CURRENT_PROJECT_VERSION = 1;
				DEVELOPMENT_ASSET_PATHS = "\"MySpar/Preview Content\"";
				DEVELOPMENT_TEAM = 8542ZPKJ73;
				ENABLE_PREVIEWS = YES;
				GENERATE_INFOPLIST_FILE = YES;
				INFOPLIST_KEY_UIApplicationSceneManifest_Generation = YES;
				INFOPLIST_KEY_UIApplicationSupportsIndirectInputEvents = YES;
				INFOPLIST_KEY_UILaunchScreen_Generation = YES;
				INFOPLIST_KEY_UISupportedInterfaceOrientations_iPad = "UIInterfaceOrientationPortrait UIInterfaceOrientationPortraitUpsideDown UIInterfaceOrientationLandscapeLeft UIInterfaceOrientationLandscapeRight";
				INFOPLIST_KEY_UISupportedInterfaceOrientations_iPhone = "UIInterfaceOrientationPortrait UIInterfaceOrientationLandscapeLeft UIInterfaceOrientationLandscapeRight";
				LD_RUNPATH_SEARCH_PATHS = (
					"$(inherited)",
					"@executable_path/Frameworks",
				);
				MARKETING_VERSION = 1.0;
				PRODUCT_BUNDLE_IDENTIFIER = zabashtina.MySpar;
				PRODUCT_NAME = "$(TARGET_NAME)";
				SWIFT_EMIT_LOC_STRINGS = YES;
				SWIFT_VERSION = 5.0;
				TARGETED_DEVICE_FAMILY = "1,2";
			};
			name = Release;
		};
/* End XCBuildConfiguration section */

/* Begin XCConfigurationList section */
		74CABE152A84F56300EE5DF3 /* Build configuration list for PBXProject "MySpar" */ = {
			isa = XCConfigurationList;
			buildConfigurations = (
				74CABE262A84F56600EE5DF3 /* Debug */,
				74CABE272A84F56600EE5DF3 /* Release */,
			);
			defaultConfigurationIsVisible = 0;
			defaultConfigurationName = Release;
		};
		74CABE282A84F56600EE5DF3 /* Build configuration list for PBXNativeTarget "MySpar" */ = {
			isa = XCConfigurationList;
			buildConfigurations = (
				74CABE292A84F56600EE5DF3 /* Debug */,
				74CABE2A2A84F56600EE5DF3 /* Release */,
			);
			defaultConfigurationIsVisible = 0;
			defaultConfigurationName = Release;
		};
/* End XCConfigurationList section */
	};
	rootObject = 74CABE122A84F56300EE5DF3 /* Project object */;
}
